
Microsoft Visual Studio Solution File, Format Version 12.00
# Visual Studio Version 17
VisualStudioVersion = 17.1.32328.378
MinimumVisualStudioVersion = 10.0.40219.1
Project("{FAE04EC0-301F-11D3-BF4B-00C04F79EFBC}") = "Modulo2Semana5", "Modulo2Semana5.csproj", "{A8BA5E63-2D86-4BF7-9DF6-F479A46D5C07}"
EndProject
Global
	GlobalSection(SolutionConfigurationPlatforms) = preSolution
		Debug|Any CPU = Debug|Any CPU
		Release|Any CPU = Release|Any CPU
	EndGlobalSection
	GlobalSection(ProjectConfigurationPlatforms) = postSolution
		{A8BA5E63-2D86-4BF7-9DF6-F479A46D5C07}.Debug|Any CPU.ActiveCfg = Debug|Any CPU
		{A8BA5E63-2D86-4BF7-9DF6-F479A46D5C07}.Debug|Any CPU.Build.0 = Debug|Any CPU
		{A8BA5E63-2D86-4BF7-9DF6-F479A46D5C07}.Release|Any CPU.ActiveCfg = Release|Any CPU
		{A8BA5E63-2D86-4BF7-9DF6-F479A46D5C07}.Release|Any CPU.Build.0 = Release|Any CPU
	EndGlobalSection
	GlobalSection(SolutionProperties) = preSolution
		HideSolutionNode = FALSE
	EndGlobalSection
	GlobalSection(ExtensibilityGlobals) = postSolution
		SolutionGuid = {61587BB5-349C-4252-93C6-8D39A1E633BB}
	EndGlobalSection
EndGlobal
